{
  "name": "@nais-standard/cli",
  "version": "1.0.0",
  "lockfileVersion": 3,
  "requires": true,
  "packages": {
    "": {
      "name": "@nais-standard/cli",
      "version": "1.0.0",
      "license": "MIT",
      "dependencies": {
        "@nais-standard/sdk": "^1.0.0"
      },
      "bin": {
        "nais": "bin/nais.js"
      },
      "engines": {
        "node": ">=18.0.0"
      }
    },
    "node_modules/@nais-standard/sdk": {
      "version": "1.0.0",
      "resolved": "https://registry.npmjs.org/@nais-standard/sdk/-/sdk-1.0.0.tgz",
      "integrity": "sha512-EPxjNeqUTYsekdQR2OSb+nZIBG3zVhF+iacDQA6a1Rr3QMcwH7nyErRegzmf8KTEjN+yx1WqqCNwouh7OnJ6yg==",
      "license": "MIT",
      "engines": {
        "node": ">=18.0.0"
      }
    }
  }
}
